<?xml version="1.0" encoding="utf-8"?>
<Project ToolsVersion="4.0" xmlns="http://schemas.microsoft.com/developer/msbuild/2003">
  <ItemGroup>
    <Filter Include="Scheduler">
      <UniqueIdentifier>{52018c58-0d8d-424f-9c21-4295765da1aa}</UniqueIdentifier>
    </Filter>
  </ItemGroup>
  <ItemGroup>
    <ClInclude Include="Scheduler\Thread.h">
      <Filter>Scheduler</Filter>
    </ClInclude>
  </ItemGroup>
  <ItemGroup>
    <ClCompile Include="main.cpp" />
    <ClCompile Include="day1.cpp" />
    <ClCompile Include="day2.cpp" />
  </ItemGroup>
</Project>