<?xml version="1.0" encoding="utf-8"?>
<Project ToolsVersion="4.0" xmlns="http://schemas.microsoft.com/developer/msbuild/2003">
  <ItemGroup>
    <Filter Include="Scheduler">
      <UniqueIdentifier>{52018c58-0d8d-424f-9c21-4295765da1aa}</UniqueIdentifier>
    </Filter>
    <Filter Include="ThreadLearn">
      <UniqueIdentifier>{09104f99-1ea6-4c31-a3e8-da70b278f239}</UniqueIdentifier>
    </Filter>
    <Filter Include="Live">
      <UniqueIdentifier>{96831740-d949-4fb6-bb60-81746da4b846}</UniqueIdentifier>
    </Filter>
  </ItemGroup>
  <ItemGroup>
    <ClInclude Include="Scheduler\Thread.h">
      <Filter>Scheduler</Filter>
    </ClInclude>
    <ClInclude Include="Scheduler\EnventScheduler.h">
      <Filter>Scheduler</Filter>
    </ClInclude>
    <ClInclude Include="Scheduler\Event.h">
      <Filter>Scheduler</Filter>
    </ClInclude>
    <ClInclude Include="Scheduler\Poller.h">
      <Filter>Scheduler</Filter>
    </ClInclude>
    <ClInclude Include="Scheduler\SelectPoller.h">
      <Filter>Scheduler</Filter>
    </ClInclude>
    <ClInclude Include="Scheduler\SocketsOps.h">
      <Filter>Scheduler</Filter>
    </ClInclude>
    <ClInclude Include="Scheduler\Timer.h">
      <Filter>Scheduler</Filter>
    </ClInclude>
    <ClInclude Include="Scheduler\UsageEnvironment.h">
      <Filter>Scheduler</Filter>
    </ClInclude>
    <ClInclude Include="Scheduler\ThreadPool.h">
      <Filter>Scheduler</Filter>
    </ClInclude>
    <ClInclude Include="Live\Rtp.h">
      <Filter>Live</Filter>
    </ClInclude>
  </ItemGroup>
  <ItemGroup>
    <ClCompile Include="Scheduler\EnventScheduler.cpp">
      <Filter>Scheduler</Filter>
    </ClCompile>
    <ClCompile Include="Scheduler\Event.cpp">
      <Filter>Scheduler</Filter>
    </ClCompile>
    <ClCompile Include="Scheduler\Poller.cpp">
      <Filter>Scheduler</Filter>
    </ClCompile>
    <ClCompile Include="Scheduler\SelectPoller.cpp">
      <Filter>Scheduler</Filter>
    </ClCompile>
    <ClCompile Include="Scheduler\SocketsOps.cpp">
      <Filter>Scheduler</Filter>
    </ClCompile>
    <ClCompile Include="Scheduler\Timer.cpp">
      <Filter>Scheduler</Filter>
    </ClCompile>
    <ClCompile Include="Thread.cpp">
      <Filter>Scheduler</Filter>
    </ClCompile>
    <ClCompile Include="Scheduler\UsageEnvironment.cpp">
      <Filter>Scheduler</Filter>
    </ClCompile>
    <ClCompile Include="learnThreadPool\day1.cpp">
      <Filter>ThreadLearn</Filter>
    </ClCompile>
    <ClCompile Include="learnThreadPool\day2.cpp">
      <Filter>ThreadLearn</Filter>
    </ClCompile>
    <ClCompile Include="learnThreadPool\day3.cpp">
      <Filter>ThreadLearn</Filter>
    </ClCompile>
    <ClCompile Include="learnThreadPool\day4(2).cpp">
      <Filter>ThreadLearn</Filter>
    </ClCompile>
    <ClCompile Include="learnThreadPool\day4.cpp">
      <Filter>ThreadLearn</Filter>
    </ClCompile>
    <ClCompile Include="learnThreadPool\Thread.cpp">
      <Filter>ThreadLearn</Filter>
    </ClCompile>
    <ClCompile Include="Scheduler\Threadpool.cpp">
      <Filter>Scheduler</Filter>
    </ClCompile>
    <ClCompile Include="Live\Rtp.cpp">
      <Filter>Live</Filter>
    </ClCompile>
  </ItemGroup>
</Project>